
Microsoft Visual Studio Solution File, Format Version 12.00
# Visual Studio Version 17
VisualStudioVersion = 17.9.34728.123
MinimumVisualStudioVersion = 10.0.40219.1
Project("{9A19103F-16F7-4668-BE54-9A1E7A4F7556}") = "WebAPI_Build_Library_API", "WebAPI_Build_Library_API\WebAPI_Build_Library_API.csproj", "{373A61F4-6EC8-4DFC-B6B2-7B38A962C467}"
EndProject
Project("{2150E333-8FDC-42A3-9474-1A3956D46DE8}") = "Solution Items", "Solution Items", "{DC6255AA-A486-4445-B25E-5F6A62566CBE}"
	ProjectSection(SolutionItems) = preProject
		.editorconfig = .editorconfig
	EndProjectSection
EndProject
Project("{FAE04EC0-301F-11D3-BF4B-00C04F79EFBC}") = "Library-web", "Library-web\Library-web.csproj", "{99657C83-0E74-4410-824F-11BAA54EF389}"
EndProject
Global
	GlobalSection(SolutionConfigurationPlatforms) = preSolution
		Debug|Any CPU = Debug|Any CPU
		Release|Any CPU = Release|Any CPU
	EndGlobalSection
	GlobalSection(ProjectConfigurationPlatforms) = postSolution
		{373A61F4-6EC8-4DFC-B6B2-7B38A962C467}.Debug|Any CPU.ActiveCfg = Debug|Any CPU
		{373A61F4-6EC8-4DFC-B6B2-7B38A962C467}.Debug|Any CPU.Build.0 = Debug|Any CPU
		{373A61F4-6EC8-4DFC-B6B2-7B38A962C467}.Release|Any CPU.ActiveCfg = Release|Any CPU
		{373A61F4-6EC8-4DFC-B6B2-7B38A962C467}.Release|Any CPU.Build.0 = Release|Any CPU
		{99657C83-0E74-4410-824F-11BAA54EF389}.Debug|Any CPU.ActiveCfg = Debug|Any CPU
		{99657C83-0E74-4410-824F-11BAA54EF389}.Debug|Any CPU.Build.0 = Debug|Any CPU
		{99657C83-0E74-4410-824F-11BAA54EF389}.Release|Any CPU.ActiveCfg = Release|Any CPU
		{99657C83-0E74-4410-824F-11BAA54EF389}.Release|Any CPU.Build.0 = Release|Any CPU
	EndGlobalSection
	GlobalSection(SolutionProperties) = preSolution
		HideSolutionNode = FALSE
	EndGlobalSection
	GlobalSection(ExtensibilityGlobals) = postSolution
		SolutionGuid = {256480C2-4BD9-4493-9F5F-F7F02417F2B5}
	EndGlobalSection
EndGlobal
